// !$*UTF8*$!
{
	archiveVersion = 1;
	classes = {
	};
	objectVersion = 55;
	objects = {

/* Begin PBXBuildFile section */
		8B12BA9B269DB26700A25908 /* Pr0nApp.swift in Sources */ = {isa = PBXBuildFile; fileRef = 8B12BA8D269DB26700A25908 /* Pr0nApp.swift */; };
		8B12BA9C269DB26700A25908 /* Pr0nApp.swift in Sources */ = {isa = PBXBuildFile; fileRef = 8B12BA8D269DB26700A25908 /* Pr0nApp.swift */; };
		8B12BA9D269DB26700A25908 /* ContentView.swift in Sources */ = {isa = PBXBuildFile; fileRef = 8B12BA8E269DB26700A25908 /* ContentView.swift */; };
		8B12BA9E269DB26700A25908 /* ContentView.swift in Sources */ = {isa = PBXBuildFile; fileRef = 8B12BA8E269DB26700A25908 /* ContentView.swift */; };
		8B12BA9F269DB26700A25908 /* Assets.xcassets in Resources */ = {isa = PBXBuildFile; fileRef = 8B12BA8F269DB26700A25908 /* Assets.xcassets */; };
		8B12BAA0269DB26700A25908 /* Assets.xcassets in Resources */ = {isa = PBXBuildFile; fileRef = 8B12BA8F269DB26700A25908 /* Assets.xcassets */; };
		8B12BAAA269DB61900A25908 /* PronModel.swift in Sources */ = {isa = PBXBuildFile; fileRef = 8B12BAA9269DB61900A25908 /* PronModel.swift */; };
		8B12BAAB269DB61900A25908 /* PronModel.swift in Sources */ = {isa = PBXBuildFile; fileRef = 8B12BAA9269DB61900A25908 /* PronModel.swift */; };
		8B954CBD2959D46D00CA73FB /* VideoRow.swift in Sources */ = {isa = PBXBuildFile; fileRef = 8B954CBC2959D46D00CA73FB /* VideoRow.swift */; };
		8B954CBE2959D46D00CA73FB /* VideoRow.swift in Sources */ = {isa = PBXBuildFile; fileRef = 8B954CBC2959D46D00CA73FB /* VideoRow.swift */; };
		8B954CC02959D48800CA73FB /* PlayerView.swift in Sources */ = {isa = PBXBuildFile; fileRef = 8B954CBF2959D48800CA73FB /* PlayerView.swift */; };
		8B954CC12959D48800CA73FB /* PlayerView.swift in Sources */ = {isa = PBXBuildFile; fileRef = 8B954CBF2959D48800CA73FB /* PlayerView.swift */; };
		8B954CC42959D4E800CA73FB /* URL+Identifiable.swift in Sources */ = {isa = PBXBuildFile; fileRef = 8B954CC32959D4E800CA73FB /* URL+Identifiable.swift */; };
		8B954CC52959D4E800CA73FB /* URL+Identifiable.swift in Sources */ = {isa = PBXBuildFile; fileRef = 8B954CC32959D4E800CA73FB /* URL+Identifiable.swift */; };
		8B954CC72959D51400CA73FB /* String+slice.swift in Sources */ = {isa = PBXBuildFile; fileRef = 8B954CC62959D51400CA73FB /* String+slice.swift */; };
		8B954CC82959D51400CA73FB /* String+slice.swift in Sources */ = {isa = PBXBuildFile; fileRef = 8B954CC62959D51400CA73FB /* String+slice.swift */; };
		8B954CCD2959DCD600CA73FB /* Video.swift in Sources */ = {isa = PBXBuildFile; fileRef = 8B954CCC2959DCD600CA73FB /* Video.swift */; };
		8B954CCE2959DCD600CA73FB /* Video.swift in Sources */ = {isa = PBXBuildFile; fileRef = 8B954CCC2959DCD600CA73FB /* Video.swift */; };
		8B954CD02959DCE600CA73FB /* VideoWrapper.swift in Sources */ = {isa = PBXBuildFile; fileRef = 8B954CCF2959DCE600CA73FB /* VideoWrapper.swift */; };
		8B954CD12959DCE600CA73FB /* VideoWrapper.swift in Sources */ = {isa = PBXBuildFile; fileRef = 8B954CCF2959DCE600CA73FB /* VideoWrapper.swift */; };
		8B954CD32959DCFA00CA73FB /* Pron.swift in Sources */ = {isa = PBXBuildFile; fileRef = 8B954CD22959DCFA00CA73FB /* Pron.swift */; };
		8B954CD42959DCFA00CA73FB /* Pron.swift in Sources */ = {isa = PBXBuildFile; fileRef = 8B954CD22959DCFA00CA73FB /* Pron.swift */; };
/* End PBXBuildFile section */

/* Begin PBXFileReference section */
		8B12BA8D269DB26700A25908 /* Pr0nApp.swift */ = {isa = PBXFileReference; lastKnownFileType = sourcecode.swift; path = Pr0nApp.swift; sourceTree = "<group>"; };
		8B12BA8E269DB26700A25908 /* ContentView.swift */ = {isa = PBXFileReference; lastKnownFileType = sourcecode.swift; path = ContentView.swift; sourceTree = "<group>"; };
		8B12BA8F269DB26700A25908 /* Assets.xcassets */ = {isa = PBXFileReference; lastKnownFileType = folder.assetcatalog; path = Assets.xcassets; sourceTree = "<group>"; };
		8B12BA94269DB26700A25908 /* Pr0n.app */ = {isa = PBXFileReference; explicitFileType = wrapper.application; includeInIndex = 0; path = Pr0n.app; sourceTree = BUILT_PRODUCTS_DIR; };
		8B12BA9A269DB26700A25908 /* Pr0n.app */ = {isa = PBXFileReference; explicitFileType = wrapper.application; includeInIndex = 0; path = Pr0n.app; sourceTree = BUILT_PRODUCTS_DIR; };
		8B12BAA9269DB61900A25908 /* PronModel.swift */ = {isa = PBXFileReference; lastKnownFileType = sourcecode.swift; path = PronModel.swift; sourceTree = "<group>"; };
		8B12BAAF269DDDD100A25908 /* Pr0n--iOS--Info.plist */ = {isa = PBXFileReference; lastKnownFileType = text.plist; path = "Pr0n--iOS--Info.plist"; sourceTree = "<group>"; };
		8B12BAB0269DEA1700A25908 /* Pr0n.entitlements */ = {isa = PBXFileReference; lastKnownFileType = text.plist.entitlements; path = Pr0n.entitlements; sourceTree = "<group>"; };
		8B954CBC2959D46D00CA73FB /* VideoRow.swift */ = {isa = PBXFileReference; lastKnownFileType = sourcecode.swift; path = VideoRow.swift; sourceTree = "<group>"; };
		8B954CBF2959D48800CA73FB /* PlayerView.swift */ = {isa = PBXFileReference; lastKnownFileType = sourcecode.swift; path = PlayerView.swift; sourceTree = "<group>"; };
		8B954CC32959D4E800CA73FB /* URL+Identifiable.swift */ = {isa = PBXFileReference; lastKnownFileType = sourcecode.swift; path = "URL+Identifiable.swift"; sourceTree = "<group>"; };
		8B954CC62959D51400CA73FB /* String+slice.swift */ = {isa = PBXFileReference; lastKnownFileType = sourcecode.swift; path = "String+slice.swift"; sourceTree = "<group>"; };
		8B954CCC2959DCD600CA73FB /* Video.swift */ = {isa = PBXFileReference; lastKnownFileType = sourcecode.swift; path = Video.swift; sourceTree = "<group>"; };
		8B954CCF2959DCE600CA73FB /* VideoWrapper.swift */ = {isa = PBXFileReference; lastKnownFileType = sourcecode.swift; path = VideoWrapper.swift; sourceTree = "<group>"; };
		8B954CD22959DCFA00CA73FB /* Pron.swift */ = {isa = PBXFileReference; lastKnownFileType = sourcecode.swift; path = Pron.swift; sourceTree = "<group>"; };
/* End PBXFileReference section */

/* Begin PBXFrameworksBuildPhase section */
		8B12BA91269DB26700A25908 /* Frameworks */ = {
			isa = PBXFrameworksBuildPhase;
			buildActionMask = 2147483647;
			files = (
			);
			runOnlyForDeploymentPostprocessing = 0;
		};
		8B12BA97269DB26700A25908 /* Frameworks */ = {
			isa = PBXFrameworksBuildPhase;
			buildActionMask = 2147483647;
			files = (
			);
			runOnlyForDeploymentPostprocessing = 0;
		};
/* End PBXFrameworksBuildPhase section */

/* Begin PBXGroup section */
		8B12BA87269DB26700A25908 = {
			isa = PBXGroup;
			children = (
				8B12BAB0269DEA1700A25908 /* Pr0n.entitlements */,
				8B12BAAF269DDDD100A25908 /* Pr0n--iOS--Info.plist */,
				8B12BA8C269DB26700A25908 /* Shared */,
				8B12BA95269DB26700A25908 /* Products */,
			);
			sourceTree = "<group>";
		};
		8B12BA8C269DB26700A25908 /* Shared */ = {
			isa = PBXGroup;
			children = (
				8B954CCA2959DCC600CA73FB /* model */,
				8B954CC92959DCC100CA73FB /* views */,
				8B954CC22959D4D100CA73FB /* extensions */,
				8B12BA8D269DB26700A25908 /* Pr0nApp.swift */,
				8B12BA8E269DB26700A25908 /* ContentView.swift */,
				8B12BA8F269DB26700A25908 /* Assets.xcassets */,
				8B954CBC2959D46D00CA73FB /* VideoRow.swift */,
				8B954CBF2959D48800CA73FB /* PlayerView.swift */,
			);
			path = Shared;
			sourceTree = "<group>";
		};
		8B12BA95269DB26700A25908 /* Products */ = {
			isa = PBXGroup;
			children = (
				8B12BA94269DB26700A25908 /* Pr0n.app */,
				8B12BA9A269DB26700A25908 /* Pr0n.app */,
			);
			name = Products;
			sourceTree = "<group>";
		};
		8B954CC22959D4D100CA73FB /* extensions */ = {
			isa = PBXGroup;
			children = (
				8B954CC32959D4E800CA73FB /* URL+Identifiable.swift */,
				8B954CC62959D51400CA73FB /* String+slice.swift */,
			);
			path = extensions;
			sourceTree = "<group>";
		};
		8B954CC92959DCC100CA73FB /* views */ = {
			isa = PBXGroup;
			children = (
			);
			path = views;
			sourceTree = "<group>";
		};
		8B954CCA2959DCC600CA73FB /* model */ = {
			isa = PBXGroup;
			children = (
				8B12BAA9269DB61900A25908 /* PronModel.swift */,
				8B954CCC2959DCD600CA73FB /* Video.swift */,
				8B954CCF2959DCE600CA73FB /* VideoWrapper.swift */,
				8B954CD22959DCFA00CA73FB /* Pron.swift */,
			);
			path = model;
			sourceTree = "<group>";
		};
/* End PBXGroup section */

/* Begin PBXNativeTarget section */
		8B12BA93269DB26700A25908 /* Pr0n (iOS) */ = {
			isa = PBXNativeTarget;
			buildConfigurationList = 8B12BAA3269DB26700A25908 /* Build configuration list for PBXNativeTarget "Pr0n (iOS)" */;
			buildPhases = (
				8B12BA90269DB26700A25908 /* Sources */,
				8B12BA91269DB26700A25908 /* Frameworks */,
				8B12BA92269DB26700A25908 /* Resources */,
			);
			buildRules = (
			);
			dependencies = (
			);
			name = "Pr0n (iOS)";
			productName = "Pr0n (iOS)";
			productReference = 8B12BA94269DB26700A25908 /* Pr0n.app */;
			productType = "com.apple.product-type.application";
		};
		8B12BA99269DB26700A25908 /* Pr0n (macOS) */ = {
			isa = PBXNativeTarget;
			buildConfigurationList = 8B12BAA6269DB26700A25908 /* Build configuration list for PBXNativeTarget "Pr0n (macOS)" */;
			buildPhases = (
				8B12BA96269DB26700A25908 /* Sources */,
				8B12BA97269DB26700A25908 /* Frameworks */,
				8B12BA98269DB26700A25908 /* Resources */,
			);
			buildRules = (
			);
			dependencies = (
			);
			name = "Pr0n (macOS)";
			productName = "Pr0n (macOS)";
			productReference = 8B12BA9A269DB26700A25908 /* Pr0n.app */;
			productType = "com.apple.product-type.application";
		};
/* End PBXNativeTarget section */

/* Begin PBXProject section */
		8B12BA88269DB26700A25908 /* Project object */ = {
			isa = PBXProject;
			attributes = {
				BuildIndependentTargetsInParallel = 1;
				LastSwiftUpdateCheck = 1300;
				LastUpgradeCheck = 1420;
				TargetAttributes = {
					8B12BA93269DB26700A25908 = {
						CreatedOnToolsVersion = 13.0;
					};
					8B12BA99269DB26700A25908 = {
						CreatedOnToolsVersion = 13.0;
					};
				};
			};
			buildConfigurationList = 8B12BA8B269DB26700A25908 /* Build configuration list for PBXProject "Pr0n" */;
			compatibilityVersion = "Xcode 13.0";
			developmentRegion = en;
			hasScannedForEncodings = 0;
			knownRegions = (
				en,
				Base,
			);
			mainGroup = 8B12BA87269DB26700A25908;
			productRefGroup = 8B12BA95269DB26700A25908 /* Products */;
			projectDirPath = "";
			projectRoot = "";
			targets = (
				8B12BA93269DB26700A25908 /* Pr0n (iOS) */,
				8B12BA99269DB26700A25908 /* Pr0n (macOS) */,
			);
		};
/* End PBXProject section */

/* Begin PBXResourcesBuildPhase section */
		8B12BA92269DB26700A25908 /* Resources */ = {
			isa = PBXResourcesBuildPhase;
			buildActionMask = 2147483647;
			files = (
				8B12BA9F269DB26700A25908 /* Assets.xcassets in Resources */,
			);
			runOnlyForDeploymentPostprocessing = 0;
		};
		8B12BA98269DB26700A25908 /* Resources */ = {
			isa = PBXResourcesBuildPhase;
			buildActionMask = 2147483647;
			files = (
				8B12BAA0269DB26700A25908 /* Assets.xcassets in Resources */,
			);
			runOnlyForDeploymentPostprocessing = 0;
		};
/* End PBXResourcesBuildPhase section */

/* Begin PBXSourcesBuildPhase section */
		8B12BA90269DB26700A25908 /* Sources */ = {
			isa = PBXSourcesBuildPhase;
			buildActionMask = 2147483647;
			files = (
				8B954CD32959DCFA00CA73FB /* Pron.swift in Sources */,
				8B954CBD2959D46D00CA73FB /* VideoRow.swift in Sources */,
				8B954CC42959D4E800CA73FB /* URL+Identifiable.swift in Sources */,
				8B12BAAA269DB61900A25908 /* PronModel.swift in Sources */,
				8B954CD02959DCE600CA73FB /* VideoWrapper.swift in Sources */,
				8B12BA9D269DB26700A25908 /* ContentView.swift in Sources */,
				8B954CC02959D48800CA73FB /* PlayerView.swift in Sources */,
				8B954CCD2959DCD600CA73FB /* Video.swift in Sources */,
				8B954CC72959D51400CA73FB /* String+slice.swift in Sources */,
				8B12BA9B269DB26700A25908 /* Pr0nApp.swift in Sources */,
			);
			runOnlyForDeploymentPostprocessing = 0;
		};
		8B12BA96269DB26700A25908 /* Sources */ = {
			isa = PBXSourcesBuildPhase;
			buildActionMask = 2147483647;
			files = (
				8B954CD42959DCFA00CA73FB /* Pron.swift in Sources */,
				8B954CBE2959D46D00CA73FB /* VideoRow.swift in Sources */,
				8B954CC52959D4E800CA73FB /* URL+Identifiable.swift in Sources */,
				8B12BAAB269DB61900A25908 /* PronModel.swift in Sources */,
				8B954CD12959DCE600CA73FB /* VideoWrapper.swift in Sources */,
				8B12BA9E269DB26700A25908 /* ContentView.swift in Sources */,
				8B954CC12959D48800CA73FB /* PlayerView.swift in Sources */,
				8B954CCE2959DCD600CA73FB /* Video.swift in Sources */,
				8B954CC82959D51400CA73FB /* String+slice.swift in Sources */,
				8B12BA9C269DB26700A25908 /* Pr0nApp.swift in Sources */,
			);
			runOnlyForDeploymentPostprocessing = 0;
		};
/* End PBXSourcesBuildPhase section */

/* Begin XCBuildConfiguration section */
		8B12BAA1269DB26700A25908 /* Debug */ = {
			isa = XCBuildConfiguration;
			buildSettings = {
				ALWAYS_SEARCH_USER_PATHS = NO;
				CLANG_ANALYZER_NONNULL = YES;
				CLANG_ANALYZER_NUMBER_OBJECT_CONVERSION = YES_AGGRESSIVE;
				CLANG_CXX_LANGUAGE_STANDARD = "gnu++14";
				CLANG_CXX_LIBRARY = "libc++";
				CLANG_ENABLE_MODULES = YES;
				CLANG_ENABLE_OBJC_ARC = YES;
				CLANG_ENABLE_OBJC_WEAK = YES;
				CLANG_WARN_BLOCK_CAPTURE_AUTORELEASING = YES;
				CLANG_WARN_BOOL_CONVERSION = YES;
				CLANG_WARN_COMMA = YES;
				CLANG_WARN_CONSTANT_CONVERSION = YES;
				CLANG_WARN_DEPRECATED_OBJC_IMPLEMENTATIONS = YES;
				CLANG_WARN_DIRECT_OBJC_ISA_USAGE = YES_ERROR;
				CLANG_WARN_DOCUMENTATION_COMMENTS = YES;
				CLANG_WARN_EMPTY_BODY = YES;
				CLANG_WARN_ENUM_CONVERSION = YES;
				CLANG_WARN_INFINITE_RECURSION = YES;
				CLANG_WARN_INT_CONVERSION = YES;
				CLANG_WARN_NON_LITERAL_NULL_CONVERSION = YES;
				CLANG_WARN_OBJC_IMPLICIT_RETAIN_SELF = YES;
				CLANG_WARN_OBJC_LITERAL_CONVERSION = YES;
				CLANG_WARN_OBJC_ROOT_CLASS = YES_ERROR;
				CLANG_WARN_QUOTED_INCLUDE_IN_FRAMEWORK_HEADER = YES;
				CLANG_WARN_RANGE_LOOP_ANALYSIS = YES;
				CLANG_WARN_STRICT_PROTOTYPES = YES;
				CLANG_WARN_SUSPICIOUS_MOVE = YES;
				CLANG_WARN_UNGUARDED_AVAILABILITY = YES_AGGRESSIVE;
				CLANG_WARN_UNREACHABLE_CODE = YES;
				CLANG_WARN__DUPLICATE_METHOD_MATCH = YES;
				COPY_PHASE_STRIP = NO;
				DEAD_CODE_STRIPPING = YES;
				DEBUG_INFORMATION_FORMAT = dwarf;
				ENABLE_STRICT_OBJC_MSGSEND = YES;
				ENABLE_TESTABILITY = YES;
				GCC_C_LANGUAGE_STANDARD = gnu11;
				GCC_DYNAMIC_NO_PIC = NO;
				GCC_NO_COMMON_BLOCKS = YES;
				GCC_OPTIMIZATION_LEVEL = 0;
				GCC_PREPROCESSOR_DEFINITIONS = (
					"DEBUG=1",
					"$(inherited)",
				);
				GCC_WARN_64_TO_32_BIT_CONVERSION = YES;
				GCC_WARN_ABOUT_RETURN_TYPE = YES_ERROR;
				GCC_WARN_UNDECLARED_SELECTOR = YES;
				GCC_WARN_UNINITIALIZED_AUTOS = YES_AGGRESSIVE;
				GCC_WARN_UNUSED_FUNCTION = YES;
				GCC_WARN_UNUSED_VARIABLE = YES;
				MTL_ENABLE_DEBUG_INFO = INCLUDE_SOURCE;
				MTL_FAST_MATH = YES;
				ONLY_ACTIVE_ARCH = YES;
				SWIFT_ACTIVE_COMPILATION_CONDITIONS = DEBUG;
				SWIFT_OPTIMIZATION_LEVEL = "-Onone";
			};
			name = Debug;
		};
		8B12BAA2269DB26700A25908 /* Release */ = {
			isa = XCBuildConfiguration;
			buildSettings = {
				ALWAYS_SEARCH_USER_PATHS = NO;
				CLANG_ANALYZER_NONNULL = YES;
				CLANG_ANALYZER_NUMBER_OBJECT_CONVERSION = YES_AGGRESSIVE;
				CLANG_CXX_LANGUAGE_STANDARD = "gnu++14";
				CLANG_CXX_LIBRARY = "libc++";
				CLANG_ENABLE_MODULES = YES;
				CLANG_ENABLE_OBJC_ARC = YES;
				CLANG_ENABLE_OBJC_WEAK = YES;
				CLANG_WARN_BLOCK_CAPTURE_AUTORELEASING = YES;
				CLANG_WARN_BOOL_CONVERSION = YES;
				CLANG_WARN_COMMA = YES;
				CLANG_WARN_CONSTANT_CONVERSION = YES;
				CLANG_WARN_DEPRECATED_OBJC_IMPLEMENTATIONS = YES;
				CLANG_WARN_DIRECT_OBJC_ISA_USAGE = YES_ERROR;
				CLANG_WARN_DOCUMENTATION_COMMENTS = YES;
				CLANG_WARN_EMPTY_BODY = YES;
				CLANG_WARN_ENUM_CONVERSION = YES;
				CLANG_WARN_INFINITE_RECURSION = YES;
				CLANG_WARN_INT_CONVERSION = YES;
				CLANG_WARN_NON_LITERAL_NULL_CONVERSION = YES;
				CLANG_WARN_OBJC_IMPLICIT_RETAIN_SELF = YES;
				CLANG_WARN_OBJC_LITERAL_CONVERSION = YES;
				CLANG_WARN_OBJC_ROOT_CLASS = YES_ERROR;
				CLANG_WARN_QUOTED_INCLUDE_IN_FRAMEWORK_HEADER = YES;
				CLANG_WARN_RANGE_LOOP_ANALYSIS = YES;
				CLANG_WARN_STRICT_PROTOTYPES = YES;
				CLANG_WARN_SUSPICIOUS_MOVE = YES;
				CLANG_WARN_UNGUARDED_AVAILABILITY = YES_AGGRESSIVE;
				CLANG_WARN_UNREACHABLE_CODE = YES;
				CLANG_WARN__DUPLICATE_METHOD_MATCH = YES;
				COPY_PHASE_STRIP = NO;
				DEAD_CODE_STRIPPING = YES;
				DEBUG_INFORMATION_FORMAT = "dwarf-with-dsym";
				ENABLE_NS_ASSERTIONS = NO;
				ENABLE_STRICT_OBJC_MSGSEND = YES;
				GCC_C_LANGUAGE_STANDARD = gnu11;
				GCC_NO_COMMON_BLOCKS = YES;
				GCC_WARN_64_TO_32_BIT_CONVERSION = YES;
				GCC_WARN_ABOUT_RETURN_TYPE = YES_ERROR;
				GCC_WARN_UNDECLARED_SELECTOR = YES;
				GCC_WARN_UNINITIALIZED_AUTOS = YES_AGGRESSIVE;
				GCC_WARN_UNUSED_FUNCTION = YES;
				GCC_WARN_UNUSED_VARIABLE = YES;
				MTL_ENABLE_DEBUG_INFO = NO;
				MTL_FAST_MATH = YES;
				SWIFT_COMPILATION_MODE = wholemodule;
				SWIFT_OPTIMIZATION_LEVEL = "-O";
			};
			name = Release;
		};
		8B12BAA4269DB26700A25908 /* Debug */ = {
			isa = XCBuildConfiguration;
			buildSettings = {
				ASSETCATALOG_COMPILER_APPICON_NAME = AppIcon;
				ASSETCATALOG_COMPILER_GLOBAL_ACCENT_COLOR_NAME = AccentColor;
				CODE_SIGN_STYLE = Automatic;
				CURRENT_PROJECT_VERSION = 1;
				DEVELOPMENT_TEAM = 2VA9RUV2PN;
				ENABLE_PREVIEWS = YES;
				GENERATE_INFOPLIST_FILE = YES;
				INFOPLIST_FILE = "Pr0n--iOS--Info.plist";
				INFOPLIST_KEY_CFBundleExecutable = Pr0n;
				INFOPLIST_KEY_CFBundleName = Pr0n;
				INFOPLIST_KEY_CFBundleVersion = 1;
				INFOPLIST_KEY_UIApplicationSceneManifest_Generation = YES;
				INFOPLIST_KEY_UIApplicationSupportsIndirectInputEvents = YES;
				INFOPLIST_KEY_UILaunchScreen_Generation = YES;
				INFOPLIST_KEY_UISupportedInterfaceOrientations_iPad = "UIInterfaceOrientationPortrait UIInterfaceOrientationPortraitUpsideDown UIInterfaceOrientationLandscapeLeft UIInterfaceOrientationLandscapeRight";
				INFOPLIST_KEY_UISupportedInterfaceOrientations_iPhone = "UIInterfaceOrientationPortrait UIInterfaceOrientationLandscapeLeft UIInterfaceOrientationLandscapeRight";
				IPHONEOS_DEPLOYMENT_TARGET = 16.0;
				LD_RUNPATH_SEARCH_PATHS = (
					"$(inherited)",
					"@executable_path/Frameworks",
				);
				MARKETING_VERSION = 1.0;
				PRODUCT_BUNDLE_IDENTIFIER = com.getswifty.Pr0n;
				PRODUCT_NAME = Pr0n;
				SDKROOT = iphoneos;
				SWIFT_EMIT_LOC_STRINGS = YES;
				SWIFT_VERSION = 5.0;
				TARGETED_DEVICE_FAMILY = "1,2";
			};
			name = Debug;
		};
		8B12BAA5269DB26700A25908 /* Release */ = {
			isa = XCBuildConfiguration;
			buildSettings = {
				ASSETCATALOG_COMPILER_APPICON_NAME = AppIcon;
				ASSETCATALOG_COMPILER_GLOBAL_ACCENT_COLOR_NAME = AccentColor;
				CODE_SIGN_STYLE = Automatic;
				CURRENT_PROJECT_VERSION = 1;
				DEVELOPMENT_TEAM = 2VA9RUV2PN;
				ENABLE_PREVIEWS = YES;
				GENERATE_INFOPLIST_FILE = YES;
				INFOPLIST_FILE = "Pr0n--iOS--Info.plist";
				INFOPLIST_KEY_CFBundleExecutable = Pr0n;
				INFOPLIST_KEY_CFBundleName = Pr0n;
				INFOPLIST_KEY_CFBundleVersion = 1;
				INFOPLIST_KEY_UIApplicationSceneManifest_Generation = YES;
				INFOPLIST_KEY_UIApplicationSupportsIndirectInputEvents = YES;
				INFOPLIST_KEY_UILaunchScreen_Generation = YES;
				INFOPLIST_KEY_UISupportedInterfaceOrientations_iPad = "UIInterfaceOrientationPortrait UIInterfaceOrientationPortraitUpsideDown UIInterfaceOrientationLandscapeLeft UIInterfaceOrientationLandscapeRight";
				INFOPLIST_KEY_UISupportedInterfaceOrientations_iPhone = "UIInterfaceOrientationPortrait UIInterfaceOrientationLandscapeLeft UIInterfaceOrientationLandscapeRight";
				IPHONEOS_DEPLOYMENT_TARGET = 16.0;
				LD_RUNPATH_SEARCH_PATHS = (
					"$(inherited)",
					"@executable_path/Frameworks",
				);
				MARKETING_VERSION = 1.0;
				PRODUCT_BUNDLE_IDENTIFIER = com.getswifty.Pr0n;
				PRODUCT_NAME = Pr0n;
				SDKROOT = iphoneos;
				SWIFT_EMIT_LOC_STRINGS = YES;
				SWIFT_VERSION = 5.0;
				TARGETED_DEVICE_FAMILY = "1,2";
				VALIDATE_PRODUCT = YES;
			};
			name = Release;
		};
		8B12BAA7269DB26700A25908 /* Debug */ = {
			isa = XCBuildConfiguration;
			buildSettings = {
				ASSETCATALOG_COMPILER_APPICON_NAME = AppIcon;
				ASSETCATALOG_COMPILER_GLOBAL_ACCENT_COLOR_NAME = AccentColor;
				CODE_SIGN_ENTITLEMENTS = Pr0n.entitlements;
				CODE_SIGN_IDENTITY = "-";
				CODE_SIGN_STYLE = Automatic;
				COMBINE_HIDPI_IMAGES = YES;
				CURRENT_PROJECT_VERSION = 1;
				DEAD_CODE_STRIPPING = YES;
				ENABLE_APP_SANDBOX = YES;
				ENABLE_PREVIEWS = YES;
				ENABLE_USER_SELECTED_FILES = readonly;
				GENERATE_INFOPLIST_FILE = YES;
				INFOPLIST_KEY_NSHumanReadableCopyright = "";
				LD_RUNPATH_SEARCH_PATHS = (
					"$(inherited)",
					"@executable_path/../Frameworks",
				);
				MACOSX_DEPLOYMENT_TARGET = 13.0;
				MARKETING_VERSION = 1.0;
				PRODUCT_BUNDLE_IDENTIFIER = com.getswifty.Pr0n;
				PRODUCT_NAME = Pr0n;
				SDKROOT = macosx;
				SWIFT_EMIT_LOC_STRINGS = YES;
				SWIFT_VERSION = 5.0;
			};
			name = Debug;
		};
		8B12BAA8269DB26700A25908 /* Release */ = {
			isa = XCBuildConfiguration;
			buildSettings = {
				ASSETCATALOG_COMPILER_APPICON_NAME = AppIcon;
				ASSETCATALOG_COMPILER_GLOBAL_ACCENT_COLOR_NAME = AccentColor;
				CODE_SIGN_ENTITLEMENTS = Pr0n.entitlements;
				CODE_SIGN_IDENTITY = "-";
				CODE_SIGN_STYLE = Automatic;
				COMBINE_HIDPI_IMAGES = YES;
				CURRENT_PROJECT_VERSION = 1;
				DEAD_CODE_STRIPPING = YES;
				ENABLE_APP_SANDBOX = YES;
				ENABLE_PREVIEWS = YES;
				ENABLE_USER_SELECTED_FILES = readonly;
				GENERATE_INFOPLIST_FILE = YES;
				INFOPLIST_KEY_NSHumanReadableCopyright = "";
				LD_RUNPATH_SEARCH_PATHS = (
					"$(inherited)",
					"@executable_path/../Frameworks",
				);
				MACOSX_DEPLOYMENT_TARGET = 13.0;
				MARKETING_VERSION = 1.0;
				PRODUCT_BUNDLE_IDENTIFIER = com.getswifty.Pr0n;
				PRODUCT_NAME = Pr0n;
				SDKROOT = macosx;
				SWIFT_EMIT_LOC_STRINGS = YES;
				SWIFT_VERSION = 5.0;
			};
			name = Release;
		};
/* End XCBuildConfiguration section */

/* Begin XCConfigurationList section */
		8B12BA8B269DB26700A25908 /* Build configuration list for PBXProject "Pr0n" */ = {
			isa = XCConfigurationList;
			buildConfigurations = (
				8B12BAA1269DB26700A25908 /* Debug */,
				8B12BAA2269DB26700A25908 /* Release */,
			);
			defaultConfigurationIsVisible = 0;
			defaultConfigurationName = Release;
		};
		8B12BAA3269DB26700A25908 /* Build configuration list for PBXNativeTarget "Pr0n (iOS)" */ = {
			isa = XCConfigurationList;
			buildConfigurations = (
				8B12BAA4269DB26700A25908 /* Debug */,
				8B12BAA5269DB26700A25908 /* Release */,
			);
			defaultConfigurationIsVisible = 0;
			defaultConfigurationName = Release;
		};
		8B12BAA6269DB26700A25908 /* Build configuration list for PBXNativeTarget "Pr0n (macOS)" */ = {
			isa = XCConfigurationList;
			buildConfigurations = (
				8B12BAA7269DB26700A25908 /* Debug */,
				8B12BAA8269DB26700A25908 /* Release */,
			);
			defaultConfigurationIsVisible = 0;
			defaultConfigurationName = Release;
		};
/* End XCConfigurationList section */
	};
	rootObject = 8B12BA88269DB26700A25908 /* Project object */;
}
